
Microsoft Visual Studio Solution File, Format Version 11.00
# Visual Studio 2010
Project("{FAE04EC0-301F-11D3-BF4B-00C04F79EFBC}") = "Kamgam.PowerPivot", "Kamgam.PowerPivot.csproj", "{c616672e-b8e2-b788-6c93-696886d84c2d}"
EndProject
Project("{FAE04EC0-301F-11D3-BF4B-00C04F79EFBC}") = "Assembly-CSharp", "Assembly-CSharp.csproj", "{d4bc649e-53b8-ba9e-50c9-9983438b6660}"
EndProject
Project("{FAE04EC0-301F-11D3-BF4B-00C04F79EFBC}") = "Assembly-CSharp-Editor", "Assembly-CSharp-Editor.csproj", "{7e6eabe0-6115-a0ed-3278-462b677cae86}"
EndProject
Global
	GlobalSection(SolutionConfigurationPlatforms) = preSolution
		Debug|Any CPU = Debug|Any CPU
	EndGlobalSection
	GlobalSection(ProjectConfigurationPlatforms) = postSolution
		{c616672e-b8e2-b788-6c93-696886d84c2d}.Debug|Any CPU.ActiveCfg = Debug|Any CPU
		{c616672e-b8e2-b788-6c93-696886d84c2d}.Debug|Any CPU.Build.0 = Debug|Any CPU
		{d4bc649e-53b8-ba9e-50c9-9983438b6660}.Debug|Any CPU.ActiveCfg = Debug|Any CPU
		{d4bc649e-53b8-ba9e-50c9-9983438b6660}.Debug|Any CPU.Build.0 = Debug|Any CPU
		{7e6eabe0-6115-a0ed-3278-462b677cae86}.Debug|Any CPU.ActiveCfg = Debug|Any CPU
		{7e6eabe0-6115-a0ed-3278-462b677cae86}.Debug|Any CPU.Build.0 = Debug|Any CPU
	EndGlobalSection
	GlobalSection(SolutionProperties) = preSolution
		HideSolutionNode = FALSE
	EndGlobalSection
EndGlobal
